
Microsoft Visual Studio Solution File, Format Version 12.00
# Visual Studio Version 17
VisualStudioVersion = 17.4.33213.308
MinimumVisualStudioVersion = 10.0.40219.1
Project("{FAE04EC0-301F-11D3-BF4B-00C04F79EFBC}") = "AutoamtionDemo", "WpfApp1\AutoamtionDemo.csproj", "{52C83065-1FF1-44E5-B4C2-F382BB9EA120}"
EndProject
Project("{FAE04EC0-301F-11D3-BF4B-00C04F79EFBC}") = "AutomationLib", "AutomationLib\AutomationLib.csproj", "{249A3558-1729-44D4-8F16-DFF73CC0F18B}"
EndProject
Global
	GlobalSection(SolutionConfigurationPlatforms) = preSolution
		Debug|Any CPU = Debug|Any CPU
		Debug|x64 = Debug|x64
		Debug|x86 = Debug|x86
		Release|Any CPU = Release|Any CPU
		Release|x64 = Release|x64
		Release|x86 = Release|x86
	EndGlobalSection
	GlobalSection(ProjectConfigurationPlatforms) = postSolution
		{52C83065-1FF1-44E5-B4C2-F382BB9EA120}.Debug|Any CPU.ActiveCfg = Debug|Any CPU
		{52C83065-1FF1-44E5-B4C2-F382BB9EA120}.Debug|Any CPU.Build.0 = Debug|Any CPU
		{52C83065-1FF1-44E5-B4C2-F382BB9EA120}.Debug|x64.ActiveCfg = Debug|x64
		{52C83065-1FF1-44E5-B4C2-F382BB9EA120}.Debug|x64.Build.0 = Debug|x64
		{52C83065-1FF1-44E5-B4C2-F382BB9EA120}.Debug|x86.ActiveCfg = Debug|x86
		{52C83065-1FF1-44E5-B4C2-F382BB9EA120}.Debug|x86.Build.0 = Debug|x86
		{52C83065-1FF1-44E5-B4C2-F382BB9EA120}.Release|Any CPU.ActiveCfg = Release|Any CPU
		{52C83065-1FF1-44E5-B4C2-F382BB9EA120}.Release|Any CPU.Build.0 = Release|Any CPU
		{52C83065-1FF1-44E5-B4C2-F382BB9EA120}.Release|x64.ActiveCfg = Release|x64
		{52C83065-1FF1-44E5-B4C2-F382BB9EA120}.Release|x64.Build.0 = Release|x64
		{52C83065-1FF1-44E5-B4C2-F382BB9EA120}.Release|x86.ActiveCfg = Release|x86
		{52C83065-1FF1-44E5-B4C2-F382BB9EA120}.Release|x86.Build.0 = Release|x86
		{249A3558-1729-44D4-8F16-DFF73CC0F18B}.Debug|Any CPU.ActiveCfg = Debug|Any CPU
		{249A3558-1729-44D4-8F16-DFF73CC0F18B}.Debug|Any CPU.Build.0 = Debug|Any CPU
		{249A3558-1729-44D4-8F16-DFF73CC0F18B}.Debug|x64.ActiveCfg = Debug|Any CPU
		{249A3558-1729-44D4-8F16-DFF73CC0F18B}.Debug|x64.Build.0 = Debug|Any CPU
		{249A3558-1729-44D4-8F16-DFF73CC0F18B}.Debug|x86.ActiveCfg = Debug|Any CPU
		{249A3558-1729-44D4-8F16-DFF73CC0F18B}.Debug|x86.Build.0 = Debug|Any CPU
		{249A3558-1729-44D4-8F16-DFF73CC0F18B}.Release|Any CPU.ActiveCfg = Release|Any CPU
		{249A3558-1729-44D4-8F16-DFF73CC0F18B}.Release|Any CPU.Build.0 = Release|Any CPU
		{249A3558-1729-44D4-8F16-DFF73CC0F18B}.Release|x64.ActiveCfg = Release|Any CPU
		{249A3558-1729-44D4-8F16-DFF73CC0F18B}.Release|x64.Build.0 = Release|Any CPU
		{249A3558-1729-44D4-8F16-DFF73CC0F18B}.Release|x86.ActiveCfg = Release|Any CPU
		{249A3558-1729-44D4-8F16-DFF73CC0F18B}.Release|x86.Build.0 = Release|Any CPU
	EndGlobalSection
	GlobalSection(SolutionProperties) = preSolution
		HideSolutionNode = FALSE
	EndGlobalSection
	GlobalSection(ExtensibilityGlobals) = postSolution
		SolutionGuid = {BC480383-7686-43D8-B018-60C82D5152A7}
	EndGlobalSection
EndGlobal
